{
  "name": "jose-workerd-tests",
  "lockfileVersion": 3,
  "requires": true,
  "packages": {
    "": {
      "name": "jose-workerd-tests",
      "devDependencies": {
        "workerd": "1.20260824.1"
      }
    },
    "node_modules/@cloudflare/workerd-darwin-64": {
      "version": "1.20260824.1",
      "resolved": "https://registry.npmjs.org/@cloudflare/workerd-darwin-64/-/workerd-darwin-64-1.20260824.1.tgz",
      "integrity": "sha512-CXLOkFMOia7oP5/4/uSeP2JfxxF9jZSgKWhWSoG9+Xe4HdVm4U12ii9yA56fH79137Kx8wYBT4SPYSxobt5nng==",
      "cpu": [
        "x64"
      ],
      "dev": true,
      "license": "Apache-2.0",
      "optional": true,
      "os": [
        "darwin"
      ],
      "engines": {
        "node": ">=16"
      }
    },
    "node_modules/@cloudflare/workerd-darwin-arm64": {
      "version": "1.20260824.1",
      "resolved": "https://registry.npmjs.org/@cloudflare/workerd-darwin-arm64/-/workerd-darwin-arm64-1.20260824.1.tgz",
      "integrity": "sha512-p5FJ2X0jqPVBezBN7HeaFMeLJGQkXW5C1H6I6Z8dcXxEDD2PIsHZyuvQ2eIM+grp/xmcs7HvVv/SDv/fP5Bfpw==",
      "cpu": [
        "arm64"
      ],
      "dev": true,
      "license": "Apache-2.0",
      "optional": true,
      "os": [
        "darwin"
      ],
      "engines": {
        "node": ">=16"
      }
    },
    "node_modules/@cloudflare/workerd-linux-64": {
      "version": "1.20260824.1",
      "resolved": "https://registry.npmjs.org/@cloudflare/workerd-linux-64/-/workerd-linux-64-1.20260824.1.tgz",
      "integrity": "sha512-4VmNa6wEP7MidOBcG+26gDhum9Wb7LSSSxZgv4sVP2b1imM202uat7lV4I8tXlB9Z8z+7x+Bn7fAnuS8Ngyupw==",
      "cpu": [
        "x64"
      ],
      "dev": true,
      "license": "Apache-2.0",
      "optional": true,
      "os": [
        "linux"
      ],
      "engines": {
        "node": ">=16"
      }
    },
    "node_modules/@cloudflare/workerd-linux-arm64": {
      "version": "1.20260824.1",
      "resolved": "https://registry.npmjs.org/@cloudflare/workerd-linux-arm64/-/workerd-linux-arm64-1.20260824.1.tgz",
      "integrity": "sha512-GJJTzFUesFVeE3rF3IIcpfs7ukKBsM3NRx7GkCa4ccBTAZlhV3Tm3/9HJ5lquaCU6qZhC6r+7+G+z6vnQ4HPEQ==",
      "cpu": [
        "arm64"
      ],
      "dev": true,
      "license": "Apache-2.0",
      "optional": true,
      "os": [
        "linux"
      ],
      "engines": {
        "node": ">=16"
      }
    },
    "node_modules/@cloudflare/workerd-windows-64": {
      "version": "1.20260824.1",
      "resolved": "https://registry.npmjs.org/@cloudflare/workerd-windows-64/-/workerd-windows-64-1.20260824.1.tgz",
      "integrity": "sha512-BWldShRV9hShJM7DOuAZEdLzUX5w6Gjep79IlLr4gqSSqorRz1OF/stPribi4aqBY5fXFNQLNwuhIt2HVy03Yw==",
      "cpu": [
        "x64"
      ],
      "dev": true,
      "license": "Apache-2.0",
      "optional": true,
      "os": [
        "win32"
      ],
      "engines": {
        "node": ">=16"
      }
    },
    "node_modules/workerd": {
      "version": "1.20260824.1",
      "resolved": "https://registry.npmjs.org/workerd/-/workerd-1.20260824.1.tgz",
      "integrity": "sha512-3DfVMnXVuS7Pgn5IHF7NbSs3R8rj9qsqkq+iFZhPMGeNo3fgpRn2PUbTAeg4BAfBw2PPKgJu5H6kHE1LYVvtPg==",
      "dev": true,
      "hasInstallScript": true,
      "license": "Apache-2.0",
      "bin": {
        "workerd": "bin/workerd"
      },
      "engines": {
        "node": ">=16"
      },
      "optionalDependencies": {
        "@cloudflare/workerd-darwin-64": "1.20260824.1",
        "@cloudflare/workerd-darwin-arm64": "1.20260824.1",
        "@cloudflare/workerd-linux-64": "1.20260824.1",
        "@cloudflare/workerd-linux-arm64": "1.20260824.1",
        "@cloudflare/workerd-windows-64": "1.20260824.1"
      }
    }
  }
}
