{
  "name": "jose-workerd-tests",
  "lockfileVersion": 3,
  "requires": true,
  "packages": {
    "": {
      "name": "jose-workerd-tests",
      "devDependencies": {
        "workerd": "1.20260928.1"
      }
    },
    "node_modules/@cloudflare/workerd-darwin-64": {
      "version": "1.20260928.1",
      "resolved": "https://registry.npmjs.org/@cloudflare/workerd-darwin-64/-/workerd-darwin-64-1.20260928.1.tgz",
      "integrity": "sha512-/efk6Aa0UQAKBEohv9nUFYGByx/A94WWBRAzPAEZn/q/Ii1B0w/dLwHzuKPq/RDs1fk2IKAdBRYOt8bRm6L7wA==",
      "cpu": [
        "x64"
      ],
      "dev": true,
      "license": "Apache-2.0",
      "optional": true,
      "os": [
        "darwin"
      ],
      "engines": {
        "node": ">=16"
      }
    },
    "node_modules/@cloudflare/workerd-darwin-arm64": {
      "version": "1.20260928.1",
      "resolved": "https://registry.npmjs.org/@cloudflare/workerd-darwin-arm64/-/workerd-darwin-arm64-1.20260928.1.tgz",
      "integrity": "sha512-pmRWRb/aTYbG7Bld5T5cxs91vgqrWHfnU+ZfojncjPI8XcVsUz8mNYQXAuQTGaTLHavMFu8ompmeVkcgnr1+sg==",
      "cpu": [
        "arm64"
      ],
      "dev": true,
      "license": "Apache-2.0",
      "optional": true,
      "os": [
        "darwin"
      ],
      "engines": {
        "node": ">=16"
      }
    },
    "node_modules/@cloudflare/workerd-linux-64": {
      "version": "1.20260928.1",
      "resolved": "https://registry.npmjs.org/@cloudflare/workerd-linux-64/-/workerd-linux-64-1.20260928.1.tgz",
      "integrity": "sha512-CucCOiGMOS4uRCHCH+d+9WroTUUgKx9oX9/G1OaSD0U4vFZ5VlZemEj0wtw/2k1PklLQ+SVw7uFot3B79YCaSQ==",
      "cpu": [
        "x64"
      ],
      "dev": true,
      "license": "Apache-2.0",
      "optional": true,
      "os": [
        "linux"
      ],
      "engines": {
        "node": ">=16"
      }
    },
    "node_modules/@cloudflare/workerd-linux-arm64": {
      "version": "1.20260928.1",
      "resolved": "https://registry.npmjs.org/@cloudflare/workerd-linux-arm64/-/workerd-linux-arm64-1.20260928.1.tgz",
      "integrity": "sha512-nPmhwW8h1WwgZG+qRcUKLO2cxvz3cqvcFSQUW+KAFqLzejfSpjflg46DrCTcVjjZXeCxgG9dvwEWaxucg8qT0w==",
      "cpu": [
        "arm64"
      ],
      "dev": true,
      "license": "Apache-2.0",
      "optional": true,
      "os": [
        "linux"
      ],
      "engines": {
        "node": ">=16"
      }
    },
    "node_modules/@cloudflare/workerd-windows-64": {
      "version": "1.20260928.1",
      "resolved": "https://registry.npmjs.org/@cloudflare/workerd-windows-64/-/workerd-windows-64-1.20260928.1.tgz",
      "integrity": "sha512-wmnufWknSiWarfqY/hln9eQcEm/kr/0X1KsQ1vmYyQCsH+nYmEpkXXCLFAmr26MiV3RLdLQszorhxCZ5+cXMCQ==",
      "cpu": [
        "x64"
      ],
      "dev": true,
      "license": "Apache-2.0",
      "optional": true,
      "os": [
        "win32"
      ],
      "engines": {
        "node": ">=16"
      }
    },
    "node_modules/workerd": {
      "version": "1.20260928.1",
      "resolved": "https://registry.npmjs.org/workerd/-/workerd-1.20260928.1.tgz",
      "integrity": "sha512-vftYT9DEM9o9eVvdFhee+algKMwLavgfFZz+CsYWrHBF1glMhO+kqVW+1k0rkDdu2MoTbREI6SEur30A3Wd6Dw==",
      "dev": true,
      "hasInstallScript": true,
      "license": "Apache-2.0",
      "bin": {
        "workerd": "bin/workerd"
      },
      "engines": {
        "node": ">=16"
      },
      "optionalDependencies": {
        "@cloudflare/workerd-darwin-64": "1.20260928.1",
        "@cloudflare/workerd-darwin-arm64": "1.20260928.1",
        "@cloudflare/workerd-linux-64": "1.20260928.1",
        "@cloudflare/workerd-linux-arm64": "1.20260928.1",
        "@cloudflare/workerd-windows-64": "1.20260928.1"
      }
    }
  }
}
