{
  "name": "jose-workerd-tests",
  "lockfileVersion": 3,
  "requires": true,
  "packages": {
    "": {
      "name": "jose-workerd-tests",
      "devDependencies": {
        "workerd": "1.20260829.1"
      }
    },
    "node_modules/@cloudflare/workerd-darwin-64": {
      "version": "1.20260829.1",
      "resolved": "https://registry.npmjs.org/@cloudflare/workerd-darwin-64/-/workerd-darwin-64-1.20260829.1.tgz",
      "integrity": "sha512-/gsCtnT+ZOrBDmQGyJ7pifq7zJcGK6sdbYgBasSHsSAL1RAksG4jmQMXFEO3qrIWqlpi+rJmS+V5dTwAiKMc0w==",
      "cpu": [
        "x64"
      ],
      "dev": true,
      "license": "Apache-2.0",
      "optional": true,
      "os": [
        "darwin"
      ],
      "engines": {
        "node": ">=16"
      }
    },
    "node_modules/@cloudflare/workerd-darwin-arm64": {
      "version": "1.20260829.1",
      "resolved": "https://registry.npmjs.org/@cloudflare/workerd-darwin-arm64/-/workerd-darwin-arm64-1.20260829.1.tgz",
      "integrity": "sha512-hGXmUwj1Bx6W42RsJ1rOi0+6VIuMt0UUOtqt2VgtLTGIH/CIvkewr66X6EjE/ykUNMDmLgr6MafvI0uV9+VJKA==",
      "cpu": [
        "arm64"
      ],
      "dev": true,
      "license": "Apache-2.0",
      "optional": true,
      "os": [
        "darwin"
      ],
      "engines": {
        "node": ">=16"
      }
    },
    "node_modules/@cloudflare/workerd-linux-64": {
      "version": "1.20260829.1",
      "resolved": "https://registry.npmjs.org/@cloudflare/workerd-linux-64/-/workerd-linux-64-1.20260829.1.tgz",
      "integrity": "sha512-4d7yZ1TTmgaj3jcaINigWtcrdpw9V4UGZzxLIWCyxnP30pTBCwJBrfQFyQdTlsrCqQYB7Wd25qfy1Xfeocx6iA==",
      "cpu": [
        "x64"
      ],
      "dev": true,
      "license": "Apache-2.0",
      "optional": true,
      "os": [
        "linux"
      ],
      "engines": {
        "node": ">=16"
      }
    },
    "node_modules/@cloudflare/workerd-linux-arm64": {
      "version": "1.20260829.1",
      "resolved": "https://registry.npmjs.org/@cloudflare/workerd-linux-arm64/-/workerd-linux-arm64-1.20260829.1.tgz",
      "integrity": "sha512-mJGoZa7zdGabHRycewg1eFMgixpk79aoz4waiqr68Zv5axPQRvuWeCzvQaVNgs9taxuDhUfvAi2B8W5D1fvIJA==",
      "cpu": [
        "arm64"
      ],
      "dev": true,
      "license": "Apache-2.0",
      "optional": true,
      "os": [
        "linux"
      ],
      "engines": {
        "node": ">=16"
      }
    },
    "node_modules/@cloudflare/workerd-windows-64": {
      "version": "1.20260829.1",
      "resolved": "https://registry.npmjs.org/@cloudflare/workerd-windows-64/-/workerd-windows-64-1.20260829.1.tgz",
      "integrity": "sha512-KV1HibckvhlNOf0kp/oP5L5DqaunMy06vx+sLOL73I6bEjlg9hqoT1ujf8xJWBT1IgKyucLw8vZeJfsyVW5btw==",
      "cpu": [
        "x64"
      ],
      "dev": true,
      "license": "Apache-2.0",
      "optional": true,
      "os": [
        "win32"
      ],
      "engines": {
        "node": ">=16"
      }
    },
    "node_modules/workerd": {
      "version": "1.20260829.1",
      "resolved": "https://registry.npmjs.org/workerd/-/workerd-1.20260829.1.tgz",
      "integrity": "sha512-HOg9pUcQ+ftIPxJLIMKFO5ybY/8sgCbEhLMLUDdMXRTd7V1mZ1Yi1N9dIN6+DPMq8eQNWwPD578REQwcM7Kz0A==",
      "dev": true,
      "hasInstallScript": true,
      "license": "Apache-2.0",
      "bin": {
        "workerd": "bin/workerd"
      },
      "engines": {
        "node": ">=16"
      },
      "optionalDependencies": {
        "@cloudflare/workerd-darwin-64": "1.20260829.1",
        "@cloudflare/workerd-darwin-arm64": "1.20260829.1",
        "@cloudflare/workerd-linux-64": "1.20260829.1",
        "@cloudflare/workerd-linux-arm64": "1.20260829.1",
        "@cloudflare/workerd-windows-64": "1.20260829.1"
      }
    }
  }
}
