name: "Lock threads"

on:
  schedule:
    - cron: "0 9 * * *"

jobs:
  lock:
    runs-on: ubuntu-latest
    steps:
      - uses: dessant/lock-threads@v3
        with:
          github-token: ${{ github.token }}
          issue-inactive-days: "90"
          issue-lock-reason: ""
          pr-inactive-days: "90"
          pr-lock-reason: ""
