name: "Lock threads"

permissions: {}

on:
  schedule:
    - cron: '11 11 * * 1'

concurrency:
  group: ${{ github.workflow }}
  cancel-in-progress: false

jobs:
  lock:
    name: lock
    permissions:
      issues: write # Lock inactive issues.
      pull-requests: write # Lock inactive pull requests.
      discussions: write # Lock inactive discussions.
    continue-on-error: true
    runs-on: ubuntu-latest
    steps:
      - uses: dessant/lock-threads@89ae32b08ed1a541efecbab17912962a5e38981c # v6.0.2
        with:
          github-token: ${{ github.token }}
          issue-inactive-days: "90"
          issue-lock-reason: ""
          pr-inactive-days: "90"
          pr-lock-reason: ""
          discussion-inactive-days: "90"
